
Microsoft Visual Studio Solution File, Format Version 11.00
# Visual Studio 2010
Project("{FAE04EC0-301F-11D3-BF4B-00C04F79EFBC}") = "Base.Plugins", "Base.Plugins\Base.Plugins.csproj", "{5CDA55CE-936A-4CCF-B4A8-92430C0C63B1}"
EndProject
Global
	GlobalSection(SolutionConfigurationPlatforms) = preSolution
		Debug|Any CPU = Debug|Any CPU
		Release|Any CPU = Release|Any CPU
	EndGlobalSection
	GlobalSection(ProjectConfigurationPlatforms) = postSolution
		{5CDA55CE-936A-4CCF-B4A8-92430C0C63B1}.Debug|Any CPU.ActiveCfg = Debug|Any CPU
		{5CDA55CE-936A-4CCF-B4A8-92430C0C63B1}.Debug|Any CPU.Build.0 = Debug|Any CPU
		{5CDA55CE-936A-4CCF-B4A8-92430C0C63B1}.Release|Any CPU.ActiveCfg = Release|Any CPU
		{5CDA55CE-936A-4CCF-B4A8-92430C0C63B1}.Release|Any CPU.Build.0 = Release|Any CPU
	EndGlobalSection
	GlobalSection(SolutionProperties) = preSolution
		HideSolutionNode = FALSE
	EndGlobalSection
EndGlobal
